
Microsoft Visual Studio Solution File, Format Version 11.00
# Visual Studio 2010
Project("{FAE04EC0-301F-11D3-BF4B-00C04F79EFBC}") = "iTestOutlookAddIn", "iTestOutlookAddIn\iTestOutlookAddIn.csproj", "{C04EAB20-8CA9-4253-8969-F6F330A7D6D0}"
EndProject
Project("{54435603-DBB4-11D2-8724-00A0C9A8B90C}") = "iTestAddInSetUp", "iTestAddInSetUp\iTestAddInSetUp.vdproj", "{CA3CD157-4F96-4660-9773-E9A026F6306B}"
EndProject
Global
	GlobalSection(SolutionConfigurationPlatforms) = preSolution
		Debug|Any CPU = Debug|Any CPU
		Release|Any CPU = Release|Any CPU
	EndGlobalSection
	GlobalSection(ProjectConfigurationPlatforms) = postSolution
		{C04EAB20-8CA9-4253-8969-F6F330A7D6D0}.Debug|Any CPU.ActiveCfg = Debug|Any CPU
		{C04EAB20-8CA9-4253-8969-F6F330A7D6D0}.Debug|Any CPU.Build.0 = Debug|Any CPU
		{C04EAB20-8CA9-4253-8969-F6F330A7D6D0}.Release|Any CPU.ActiveCfg = Release|Any CPU
		{C04EAB20-8CA9-4253-8969-F6F330A7D6D0}.Release|Any CPU.Build.0 = Release|Any CPU
		{CA3CD157-4F96-4660-9773-E9A026F6306B}.Debug|Any CPU.ActiveCfg = Debug
		{CA3CD157-4F96-4660-9773-E9A026F6306B}.Release|Any CPU.ActiveCfg = Release
	EndGlobalSection
	GlobalSection(SolutionProperties) = preSolution
		HideSolutionNode = FALSE
	EndGlobalSection
EndGlobal
